
Microsoft Visual Studio Solution File, Format Version 12.00
# Visual Studio 15
VisualStudioVersion = 15.0.28307.136
MinimumVisualStudioVersion = 10.0.40219.1
Project("{FAE04EC0-301F-11D3-BF4B-00C04F79EFBC}") = "ImageGallery", "ImageGallery\ImageGallery.csproj", "{9BBF9B32-8223-4462-BF27-3A27E1002D54}"
EndProject
Project("{FAE04EC0-301F-11D3-BF4B-00C04F79EFBC}") = "ImageGallery.DataStore", "ImageGallery.DataStore\ImageGallery.DataStore.csproj", "{32B56424-B855-43E5-BDE3-F0ED7BACB244}"
EndProject
Global
	GlobalSection(SolutionConfigurationPlatforms) = preSolution
		Debug|Any CPU = Debug|Any CPU
		Release|Any CPU = Release|Any CPU
	EndGlobalSection
	GlobalSection(ProjectConfigurationPlatforms) = postSolution
		{9BBF9B32-8223-4462-BF27-3A27E1002D54}.Debug|Any CPU.ActiveCfg = Debug|Any CPU
		{9BBF9B32-8223-4462-BF27-3A27E1002D54}.Debug|Any CPU.Build.0 = Debug|Any CPU
		{9BBF9B32-8223-4462-BF27-3A27E1002D54}.Release|Any CPU.ActiveCfg = Release|Any CPU
		{9BBF9B32-8223-4462-BF27-3A27E1002D54}.Release|Any CPU.Build.0 = Release|Any CPU
		{32B56424-B855-43E5-BDE3-F0ED7BACB244}.Debug|Any CPU.ActiveCfg = Debug|Any CPU
		{32B56424-B855-43E5-BDE3-F0ED7BACB244}.Debug|Any CPU.Build.0 = Debug|Any CPU
		{32B56424-B855-43E5-BDE3-F0ED7BACB244}.Release|Any CPU.ActiveCfg = Release|Any CPU
		{32B56424-B855-43E5-BDE3-F0ED7BACB244}.Release|Any CPU.Build.0 = Release|Any CPU
	EndGlobalSection
	GlobalSection(SolutionProperties) = preSolution
		HideSolutionNode = FALSE
	EndGlobalSection
	GlobalSection(ExtensibilityGlobals) = postSolution
		SolutionGuid = {5D3A1955-6734-4F37-BE33-3E163B474DE7}
	EndGlobalSection
EndGlobal
